
Microsoft Visual Studio Solution File, Format Version 12.00
# Visual Studio 15
VisualStudioVersion = 15.0.28307.136
MinimumVisualStudioVersion = 10.0.40219.1
Project("{FAE04EC0-301F-11D3-BF4B-00C04F79EFBC}") = "LyricsTextProcessor", "LyricsTextProcessor\LyricsTextProcessor.csproj", "{1D5AB30A-7188-46C4-8447-542346DA4572}"
EndProject
Project("{FAE04EC0-301F-11D3-BF4B-00C04F79EFBC}") = "LyricsCrawler", "LyricsCrawler\LyricsCrawler.csproj", "{BE353CAE-9F51-48BF-956C-8E434EB494CF}"
EndProject
Project("{FAE04EC0-301F-11D3-BF4B-00C04F79EFBC}") = "LyricsLibrary", "LyricsLibrary\LyricsLibrary.csproj", "{B54EC14A-BB54-48A0-B5CD-DEAE0B0EDB08}"
EndProject
Global
	GlobalSection(SolutionConfigurationPlatforms) = preSolution
		Debug|Any CPU = Debug|Any CPU
		Release|Any CPU = Release|Any CPU
	EndGlobalSection
	GlobalSection(ProjectConfigurationPlatforms) = postSolution
		{1D5AB30A-7188-46C4-8447-542346DA4572}.Debug|Any CPU.ActiveCfg = Debug|Any CPU
		{1D5AB30A-7188-46C4-8447-542346DA4572}.Debug|Any CPU.Build.0 = Debug|Any CPU
		{1D5AB30A-7188-46C4-8447-542346DA4572}.Release|Any CPU.ActiveCfg = Release|Any CPU
		{1D5AB30A-7188-46C4-8447-542346DA4572}.Release|Any CPU.Build.0 = Release|Any CPU
		{BE353CAE-9F51-48BF-956C-8E434EB494CF}.Debug|Any CPU.ActiveCfg = Debug|Any CPU
		{BE353CAE-9F51-48BF-956C-8E434EB494CF}.Debug|Any CPU.Build.0 = Debug|Any CPU
		{BE353CAE-9F51-48BF-956C-8E434EB494CF}.Release|Any CPU.ActiveCfg = Release|Any CPU
		{BE353CAE-9F51-48BF-956C-8E434EB494CF}.Release|Any CPU.Build.0 = Release|Any CPU
		{B54EC14A-BB54-48A0-B5CD-DEAE0B0EDB08}.Debug|Any CPU.ActiveCfg = Debug|Any CPU
		{B54EC14A-BB54-48A0-B5CD-DEAE0B0EDB08}.Debug|Any CPU.Build.0 = Debug|Any CPU
		{B54EC14A-BB54-48A0-B5CD-DEAE0B0EDB08}.Release|Any CPU.ActiveCfg = Release|Any CPU
		{B54EC14A-BB54-48A0-B5CD-DEAE0B0EDB08}.Release|Any CPU.Build.0 = Release|Any CPU
	EndGlobalSection
	GlobalSection(SolutionProperties) = preSolution
		HideSolutionNode = FALSE
	EndGlobalSection
	GlobalSection(ExtensibilityGlobals) = postSolution
		SolutionGuid = {13E08F80-3579-4EBD-84E3-FE67CBED0CB9}
	EndGlobalSection
EndGlobal
